
Microsoft Visual Studio Solution File, Format Version 12.00
# Visual Studio Version 17
VisualStudioVersion = 17.0.31903.59
MinimumVisualStudioVersion = 10.0.40219.1
Project("{2150E333-8FDC-42A3-9474-1A3956D46DE8}") = "src", "src", "{827E0CD3-B72D-47B6-A68D-7590B98EB39B}"
EndProject
Project("{FAE04EC0-301F-11D3-BF4B-00C04F79EFBC}") = "Carwash.Domain", "src\Carwash.Domain\Carwash.Domain.csproj", "{79CF2084-FBF6-4327-892B-81A418CC6ADB}"
EndProject
Project("{FAE04EC0-301F-11D3-BF4B-00C04F79EFBC}") = "Carwash.Application", "src\Carwash.Application\Carwash.Application.csproj", "{2A257DFE-C679-4AFB-BF26-FB3B3BFB4C6C}"
EndProject
Project("{FAE04EC0-301F-11D3-BF4B-00C04F79EFBC}") = "Carwash.Infrastructure", "src\Carwash.Infrastructure\Carwash.Infrastructure.csproj", "{4D4851B1-4A85-4863-BB2F-177880DAA449}"
EndProject
Project("{FAE04EC0-301F-11D3-BF4B-00C04F79EFBC}") = "Carwash.WebApi", "src\Carwash.WebApi\Carwash.WebApi.csproj", "{86ACE9DC-46A0-4CE1-9EF7-397936DBBB75}"
EndProject
Project("{FAE04EC0-301F-11D3-BF4B-00C04F79EFBC}") = "Carwash.UnitTests", "tests\Carwash.UnitTests\Carwash.UnitTests.csproj", "{FBF855EC-45FB-4558-ABB9-6BC893ABAEE5}"
EndProject
Project("{FAE04EC0-301F-11D3-BF4B-00C04F79EFBC}") = "Carwash.IntegrationTests", "tests\Carwash.IntegrationTests\Carwash.IntegrationTests.csproj", "{ACD14C75-9E83-46D2-852A-AB13DAFF2DFC}"
EndProject
Global
	GlobalSection(SolutionConfigurationPlatforms) = preSolution
		Debug|Any CPU = Debug|Any CPU
		Debug|x64 = Debug|x64
		Debug|x86 = Debug|x86
		Release|Any CPU = Release|Any CPU
		Release|x64 = Release|x64
		Release|x86 = Release|x86
	EndGlobalSection
	GlobalSection(ProjectConfigurationPlatforms) = postSolution
		{79CF2084-FBF6-4327-892B-81A418CC6ADB}.Debug|Any CPU.ActiveCfg = Debug|Any CPU
		{79CF2084-FBF6-4327-892B-81A418CC6ADB}.Debug|Any CPU.Build.0 = Debug|Any CPU
		{79CF2084-FBF6-4327-892B-81A418CC6ADB}.Debug|x64.ActiveCfg = Debug|Any CPU
		{79CF2084-FBF6-4327-892B-81A418CC6ADB}.Debug|x64.Build.0 = Debug|Any CPU
		{79CF2084-FBF6-4327-892B-81A418CC6ADB}.Debug|x86.ActiveCfg = Debug|Any CPU
		{79CF2084-FBF6-4327-892B-81A418CC6ADB}.Debug|x86.Build.0 = Debug|Any CPU
		{79CF2084-FBF6-4327-892B-81A418CC6ADB}.Release|Any CPU.ActiveCfg = Release|Any CPU
		{79CF2084-FBF6-4327-892B-81A418CC6ADB}.Release|Any CPU.Build.0 = Release|Any CPU
		{79CF2084-FBF6-4327-892B-81A418CC6ADB}.Release|x64.ActiveCfg = Release|Any CPU
		{79CF2084-FBF6-4327-892B-81A418CC6ADB}.Release|x64.Build.0 = Release|Any CPU
		{79CF2084-FBF6-4327-892B-81A418CC6ADB}.Release|x86.ActiveCfg = Release|Any CPU
		{79CF2084-FBF6-4327-892B-81A418CC6ADB}.Release|x86.Build.0 = Release|Any CPU
		{2A257DFE-C679-4AFB-BF26-FB3B3BFB4C6C}.Debug|Any CPU.ActiveCfg = Debug|Any CPU
		{2A257DFE-C679-4AFB-BF26-FB3B3BFB4C6C}.Debug|Any CPU.Build.0 = Debug|Any CPU
		{2A257DFE-C679-4AFB-BF26-FB3B3BFB4C6C}.Debug|x64.ActiveCfg = Debug|Any CPU
		{2A257DFE-C679-4AFB-BF26-FB3B3BFB4C6C}.Debug|x64.Build.0 = Debug|Any CPU
		{2A257DFE-C679-4AFB-BF26-FB3B3BFB4C6C}.Debug|x86.ActiveCfg = Debug|Any CPU
		{2A257DFE-C679-4AFB-BF26-FB3B3BFB4C6C}.Debug|x86.Build.0 = Debug|Any CPU
		{2A257DFE-C679-4AFB-BF26-FB3B3BFB4C6C}.Release|Any CPU.ActiveCfg = Release|Any CPU
		{2A257DFE-C679-4AFB-BF26-FB3B3BFB4C6C}.Release|Any CPU.Build.0 = Release|Any CPU
		{2A257DFE-C679-4AFB-BF26-FB3B3BFB4C6C}.Release|x64.ActiveCfg = Release|Any CPU
		{2A257DFE-C679-4AFB-BF26-FB3B3BFB4C6C}.Release|x64.Build.0 = Release|Any CPU
		{2A257DFE-C679-4AFB-BF26-FB3B3BFB4C6C}.Release|x86.ActiveCfg = Release|Any CPU
		{2A257DFE-C679-4AFB-BF26-FB3B3BFB4C6C}.Release|x86.Build.0 = Release|Any CPU
		{4D4851B1-4A85-4863-BB2F-177880DAA449}.Debug|Any CPU.ActiveCfg = Debug|Any CPU
		{4D4851B1-4A85-4863-BB2F-177880DAA449}.Debug|Any CPU.Build.0 = Debug|Any CPU
		{4D4851B1-4A85-4863-BB2F-177880DAA449}.Debug|x64.ActiveCfg = Debug|Any CPU
		{4D4851B1-4A85-4863-BB2F-177880DAA449}.Debug|x64.Build.0 = Debug|Any CPU
		{4D4851B1-4A85-4863-BB2F-177880DAA449}.Debug|x86.ActiveCfg = Debug|Any CPU
		{4D4851B1-4A85-4863-BB2F-177880DAA449}.Debug|x86.Build.0 = Debug|Any CPU
		{4D4851B1-4A85-4863-BB2F-177880DAA449}.Release|Any CPU.ActiveCfg = Release|Any CPU
		{4D4851B1-4A85-4863-BB2F-177880DAA449}.Release|Any CPU.Build.0 = Release|Any CPU
		{4D4851B1-4A85-4863-BB2F-177880DAA449}.Release|x64.ActiveCfg = Release|Any CPU
		{4D4851B1-4A85-4863-BB2F-177880DAA449}.Release|x64.Build.0 = Release|Any CPU
		{4D4851B1-4A85-4863-BB2F-177880DAA449}.Release|x86.ActiveCfg = Release|Any CPU
		{4D4851B1-4A85-4863-BB2F-177880DAA449}.Release|x86.Build.0 = Release|Any CPU
		{86ACE9DC-46A0-4CE1-9EF7-397936DBBB75}.Debug|Any CPU.ActiveCfg = Debug|Any CPU
		{86ACE9DC-46A0-4CE1-9EF7-397936DBBB75}.Debug|Any CPU.Build.0 = Debug|Any CPU
		{86ACE9DC-46A0-4CE1-9EF7-397936DBBB75}.Debug|x64.ActiveCfg = Debug|Any CPU
		{86ACE9DC-46A0-4CE1-9EF7-397936DBBB75}.Debug|x64.Build.0 = Debug|Any CPU
		{86ACE9DC-46A0-4CE1-9EF7-397936DBBB75}.Debug|x86.ActiveCfg = Debug|Any CPU
		{86ACE9DC-46A0-4CE1-9EF7-397936DBBB75}.Debug|x86.Build.0 = Debug|Any CPU
		{86ACE9DC-46A0-4CE1-9EF7-397936DBBB75}.Release|Any CPU.ActiveCfg = Release|Any CPU
		{86ACE9DC-46A0-4CE1-9EF7-397936DBBB75}.Release|Any CPU.Build.0 = Release|Any CPU
		{86ACE9DC-46A0-4CE1-9EF7-397936DBBB75}.Release|x64.ActiveCfg = Release|Any CPU
		{86ACE9DC-46A0-4CE1-9EF7-397936DBBB75}.Release|x64.Build.0 = Release|Any CPU
		{86ACE9DC-46A0-4CE1-9EF7-397936DBBB75}.Release|x86.ActiveCfg = Release|Any CPU
		{86ACE9DC-46A0-4CE1-9EF7-397936DBBB75}.Release|x86.Build.0 = Release|Any CPU
		{FBF855EC-45FB-4558-ABB9-6BC893ABAEE5}.Debug|Any CPU.ActiveCfg = Debug|Any CPU
		{FBF855EC-45FB-4558-ABB9-6BC893ABAEE5}.Debug|Any CPU.Build.0 = Debug|Any CPU
		{FBF855EC-45FB-4558-ABB9-6BC893ABAEE5}.Debug|x64.ActiveCfg = Debug|Any CPU
		{FBF855EC-45FB-4558-ABB9-6BC893ABAEE5}.Debug|x64.Build.0 = Debug|Any CPU
		{FBF855EC-45FB-4558-ABB9-6BC893ABAEE5}.Debug|x86.ActiveCfg = Debug|Any CPU
		{FBF855EC-45FB-4558-ABB9-6BC893ABAEE5}.Debug|x86.Build.0 = Debug|Any CPU
		{FBF855EC-45FB-4558-ABB9-6BC893ABAEE5}.Release|Any CPU.ActiveCfg = Release|Any CPU
		{FBF855EC-45FB-4558-ABB9-6BC893ABAEE5}.Release|Any CPU.Build.0 = Release|Any CPU
		{FBF855EC-45FB-4558-ABB9-6BC893ABAEE5}.Release|x64.ActiveCfg = Release|Any CPU
		{FBF855EC-45FB-4558-ABB9-6BC893ABAEE5}.Release|x64.Build.0 = Release|Any CPU
		{FBF855EC-45FB-4558-ABB9-6BC893ABAEE5}.Release|x86.ActiveCfg = Release|Any CPU
		{FBF855EC-45FB-4558-ABB9-6BC893ABAEE5}.Release|x86.Build.0 = Release|Any CPU
		{ACD14C75-9E83-46D2-852A-AB13DAFF2DFC}.Debug|Any CPU.ActiveCfg = Debug|Any CPU
		{ACD14C75-9E83-46D2-852A-AB13DAFF2DFC}.Debug|Any CPU.Build.0 = Debug|Any CPU
		{ACD14C75-9E83-46D2-852A-AB13DAFF2DFC}.Debug|x64.ActiveCfg = Debug|Any CPU
		{ACD14C75-9E83-46D2-852A-AB13DAFF2DFC}.Debug|x64.Build.0 = Debug|Any CPU
		{ACD14C75-9E83-46D2-852A-AB13DAFF2DFC}.Debug|x86.ActiveCfg = Debug|Any CPU
		{ACD14C75-9E83-46D2-852A-AB13DAFF2DFC}.Debug|x86.Build.0 = Debug|Any CPU
		{ACD14C75-9E83-46D2-852A-AB13DAFF2DFC}.Release|Any CPU.ActiveCfg = Release|Any CPU
		{ACD14C75-9E83-46D2-852A-AB13DAFF2DFC}.Release|Any CPU.Build.0 = Release|Any CPU
		{ACD14C75-9E83-46D2-852A-AB13DAFF2DFC}.Release|x64.ActiveCfg = Release|Any CPU
		{ACD14C75-9E83-46D2-852A-AB13DAFF2DFC}.Release|x64.Build.0 = Release|Any CPU
		{ACD14C75-9E83-46D2-852A-AB13DAFF2DFC}.Release|x86.ActiveCfg = Release|Any CPU
		{ACD14C75-9E83-46D2-852A-AB13DAFF2DFC}.Release|x86.Build.0 = Release|Any CPU
	EndGlobalSection
	GlobalSection(SolutionProperties) = preSolution
		HideSolutionNode = FALSE
	EndGlobalSection
	GlobalSection(NestedProjects) = preSolution
		{79CF2084-FBF6-4327-892B-81A418CC6ADB} = {827E0CD3-B72D-47B6-A68D-7590B98EB39B}
		{2A257DFE-C679-4AFB-BF26-FB3B3BFB4C6C} = {827E0CD3-B72D-47B6-A68D-7590B98EB39B}
		{4D4851B1-4A85-4863-BB2F-177880DAA449} = {827E0CD3-B72D-47B6-A68D-7590B98EB39B}
		{86ACE9DC-46A0-4CE1-9EF7-397936DBBB75} = {827E0CD3-B72D-47B6-A68D-7590B98EB39B}
		{FBF855EC-45FB-4558-ABB9-6BC893ABAEE5} = {827E0CD3-B72D-47B6-A68D-7590B98EB39B}
		{ACD14C75-9E83-46D2-852A-AB13DAFF2DFC} = {827E0CD3-B72D-47B6-A68D-7590B98EB39B}
	EndGlobalSection
EndGlobal
